// !$*UTF8*$!
{
	archiveVersion = 1;
	classes = {
	};
	objectVersion = 55;
	objects = {

/* Begin PBXBuildFile section */
		7D24176028E9ECFE009B67AD /* RecipeDetail.swift in Sources */ = {isa = PBXBuildFile; fileRef = 7D24175F28E9ECFE009B67AD /* RecipeDetail.swift */; };
		7D24176228EA063E009B67AD /* CategoryView.swift in Sources */ = {isa = PBXBuildFile; fileRef = 7D24176128EA063E009B67AD /* CategoryView.swift */; };
		7D883A7228F6E0470080B678 /* AddRecipeView.swift in Sources */ = {isa = PBXBuildFile; fileRef = 7D883A7128F6E0470080B678 /* AddRecipeView.swift */; };
		7D883A7428F721620080B678 /* RecipeViewModel.swift in Sources */ = {isa = PBXBuildFile; fileRef = 7D883A7328F721610080B678 /* RecipeViewModel.swift */; };
		7D9870AD28E94014007A7D4F /* RecipeAppApp.swift in Sources */ = {isa = PBXBuildFile; fileRef = 7D9870AC28E94014007A7D4F /* RecipeAppApp.swift */; };
		7D9870AF28E94014007A7D4F /* ContentView.swift in Sources */ = {isa = PBXBuildFile; fileRef = 7D9870AE28E94014007A7D4F /* ContentView.swift */; };
		7D9870B128E94017007A7D4F /* Assets.xcassets in Resources */ = {isa = PBXBuildFile; fileRef = 7D9870B028E94017007A7D4F /* Assets.xcassets */; };
		7D9870B428E94017007A7D4F /* Preview Assets.xcassets in Resources */ = {isa = PBXBuildFile; fileRef = 7D9870B328E94017007A7D4F /* Preview Assets.xcassets */; };
		7DC7607B28E9441B00D4D2A6 /* HomeView.swift in Sources */ = {isa = PBXBuildFile; fileRef = 7DC7607A28E9441B00D4D2A6 /* HomeView.swift */; };
		7DC7607D28E9443300D4D2A6 /* CategoriesView.swift in Sources */ = {isa = PBXBuildFile; fileRef = 7DC7607C28E9443300D4D2A6 /* CategoriesView.swift */; };
		7DC7607F28E9444B00D4D2A6 /* NewRecipeView.swift in Sources */ = {isa = PBXBuildFile; fileRef = 7DC7607E28E9444B00D4D2A6 /* NewRecipeView.swift */; };
		7DC7608128E9445600D4D2A6 /* FavoritesView.swift in Sources */ = {isa = PBXBuildFile; fileRef = 7DC7608028E9445600D4D2A6 /* FavoritesView.swift */; };
		7DC7608328E9445D00D4D2A6 /* SettingsView.swift in Sources */ = {isa = PBXBuildFile; fileRef = 7DC7608228E9445D00D4D2A6 /* SettingsView.swift */; };
		7DC7608528E9469800D4D2A6 /* TabBar.swift in Sources */ = {isa = PBXBuildFile; fileRef = 7DC7608428E9469800D4D2A6 /* TabBar.swift */; };
		7DC7608728E98CFD00D4D2A6 /* Recipe.swift in Sources */ = {isa = PBXBuildFile; fileRef = 7DC7608628E98CFD00D4D2A6 /* Recipe.swift */; };
		7DC7608928E9B6F600D4D2A6 /* RecipeCard.swift in Sources */ = {isa = PBXBuildFile; fileRef = 7DC7608828E9B6F600D4D2A6 /* RecipeCard.swift */; };
		7DC7608B28E9C00D00D4D2A6 /* RecipeList.swift in Sources */ = {isa = PBXBuildFile; fileRef = 7DC7608A28E9C00D00D4D2A6 /* RecipeList.swift */; };
/* End PBXBuildFile section */

/* Begin PBXFileReference section */
		7D24175F28E9ECFE009B67AD /* RecipeDetail.swift */ = {isa = PBXFileReference; lastKnownFileType = sourcecode.swift; path = RecipeDetail.swift; sourceTree = "<group>"; };
		7D24176128EA063E009B67AD /* CategoryView.swift */ = {isa = PBXFileReference; lastKnownFileType = sourcecode.swift; path = CategoryView.swift; sourceTree = "<group>"; };
		7D883A7128F6E0470080B678 /* AddRecipeView.swift */ = {isa = PBXFileReference; lastKnownFileType = sourcecode.swift; path = AddRecipeView.swift; sourceTree = "<group>"; };
		7D883A7328F721610080B678 /* RecipeViewModel.swift */ = {isa = PBXFileReference; lastKnownFileType = sourcecode.swift; path = RecipeViewModel.swift; sourceTree = "<group>"; };
		7D9870A928E94014007A7D4F /* RecipeApp.app */ = {isa = PBXFileReference; explicitFileType = wrapper.application; includeInIndex = 0; path = RecipeApp.app; sourceTree = BUILT_PRODUCTS_DIR; };
		7D9870AC28E94014007A7D4F /* RecipeAppApp.swift */ = {isa = PBXFileReference; lastKnownFileType = sourcecode.swift; path = RecipeAppApp.swift; sourceTree = "<group>"; };
		7D9870AE28E94014007A7D4F /* ContentView.swift */ = {isa = PBXFileReference; lastKnownFileType = sourcecode.swift; path = ContentView.swift; sourceTree = "<group>"; };
		7D9870B028E94017007A7D4F /* Assets.xcassets */ = {isa = PBXFileReference; lastKnownFileType = folder.assetcatalog; path = Assets.xcassets; sourceTree = "<group>"; };
		7D9870B328E94017007A7D4F /* Preview Assets.xcassets */ = {isa = PBXFileReference; lastKnownFileType = folder.assetcatalog; path = "Preview Assets.xcassets"; sourceTree = "<group>"; };
		7DC7607A28E9441B00D4D2A6 /* HomeView.swift */ = {isa = PBXFileReference; lastKnownFileType = sourcecode.swift; path = HomeView.swift; sourceTree = "<group>"; };
		7DC7607C28E9443300D4D2A6 /* CategoriesView.swift */ = {isa = PBXFileReference; lastKnownFileType = sourcecode.swift; path = CategoriesView.swift; sourceTree = "<group>"; };
		7DC7607E28E9444B00D4D2A6 /* NewRecipeView.swift */ = {isa = PBXFileReference; lastKnownFileType = sourcecode.swift; path = NewRecipeView.swift; sourceTree = "<group>"; };
		7DC7608028E9445600D4D2A6 /* FavoritesView.swift */ = {isa = PBXFileReference; lastKnownFileType = sourcecode.swift; path = FavoritesView.swift; sourceTree = "<group>"; };
		7DC7608228E9445D00D4D2A6 /* SettingsView.swift */ = {isa = PBXFileReference; lastKnownFileType = sourcecode.swift; path = SettingsView.swift; sourceTree = "<group>"; };
		7DC7608428E9469800D4D2A6 /* TabBar.swift */ = {isa = PBXFileReference; lastKnownFileType = sourcecode.swift; path = TabBar.swift; sourceTree = "<group>"; };
		7DC7608628E98CFD00D4D2A6 /* Recipe.swift */ = {isa = PBXFileReference; lastKnownFileType = sourcecode.swift; path = Recipe.swift; sourceTree = "<group>"; };
		7DC7608828E9B6F600D4D2A6 /* RecipeCard.swift */ = {isa = PBXFileReference; lastKnownFileType = sourcecode.swift; path = RecipeCard.swift; sourceTree = "<group>"; };
		7DC7608A28E9C00D00D4D2A6 /* RecipeList.swift */ = {isa = PBXFileReference; lastKnownFileType = sourcecode.swift; path = RecipeList.swift; sourceTree = "<group>"; };
/* End PBXFileReference section */

/* Begin PBXFrameworksBuildPhase section */
		7D9870A628E94014007A7D4F /* Frameworks */ = {
			isa = PBXFrameworksBuildPhase;
			buildActionMask = 2147483647;
			files = (
			);
			runOnlyForDeploymentPostprocessing = 0;
		};
/* End PBXFrameworksBuildPhase section */

/* Begin PBXGroup section */
		7D9870A028E94014007A7D4F = {
			isa = PBXGroup;
			children = (
				7D9870AB28E94014007A7D4F /* RecipeApp */,
				7D9870AA28E94014007A7D4F /* Products */,
			);
			sourceTree = "<group>";
		};
		7D9870AA28E94014007A7D4F /* Products */ = {
			isa = PBXGroup;
			children = (
				7D9870A928E94014007A7D4F /* RecipeApp.app */,
			);
			name = Products;
			sourceTree = "<group>";
		};
		7D9870AB28E94014007A7D4F /* RecipeApp */ = {
			isa = PBXGroup;
			children = (
				7DC7607228E9435E00D4D2A6 /* Views */,
				7DC7607428E9438800D4D2A6 /* View Models */,
				7DC7607328E9437900D4D2A6 /* Models */,
				7D9870AC28E94014007A7D4F /* RecipeAppApp.swift */,
				7D9870B028E94017007A7D4F /* Assets.xcassets */,
				7D9870B228E94017007A7D4F /* Preview Content */,
			);
			path = RecipeApp;
			sourceTree = "<group>";
		};
		7D9870B228E94017007A7D4F /* Preview Content */ = {
			isa = PBXGroup;
			children = (
				7D9870B328E94017007A7D4F /* Preview Assets.xcassets */,
			);
			path = "Preview Content";
			sourceTree = "<group>";
		};
		7DC7607228E9435E00D4D2A6 /* Views */ = {
			isa = PBXGroup;
			children = (
				7DC7607528E943A400D4D2A6 /* Main */,
				7DC7607728E943BC00D4D2A6 /* Components */,
				7DC7607628E943AC00D4D2A6 /* Detail */,
			);
			path = Views;
			sourceTree = "<group>";
		};
		7DC7607328E9437900D4D2A6 /* Models */ = {
			isa = PBXGroup;
			children = (
				7DC7608628E98CFD00D4D2A6 /* Recipe.swift */,
			);
			path = Models;
			sourceTree = "<group>";
		};
		7DC7607428E9438800D4D2A6 /* View Models */ = {
			isa = PBXGroup;
			children = (
				7D883A7328F721610080B678 /* RecipeViewModel.swift */,
			);
			path = "View Models";
			sourceTree = "<group>";
		};
		7DC7607528E943A400D4D2A6 /* Main */ = {
			isa = PBXGroup;
			children = (
				7D9870AE28E94014007A7D4F /* ContentView.swift */,
				7DC7608428E9469800D4D2A6 /* TabBar.swift */,
				7DC7607A28E9441B00D4D2A6 /* HomeView.swift */,
				7DC7607C28E9443300D4D2A6 /* CategoriesView.swift */,
				7DC7607E28E9444B00D4D2A6 /* NewRecipeView.swift */,
				7DC7608028E9445600D4D2A6 /* FavoritesView.swift */,
				7DC7608228E9445D00D4D2A6 /* SettingsView.swift */,
			);
			path = Main;
			sourceTree = "<group>";
		};
		7DC7607628E943AC00D4D2A6 /* Detail */ = {
			isa = PBXGroup;
			children = (
				7D24175F28E9ECFE009B67AD /* RecipeDetail.swift */,
				7D24176128EA063E009B67AD /* CategoryView.swift */,
				7D883A7128F6E0470080B678 /* AddRecipeView.swift */,
			);
			path = Detail;
			sourceTree = "<group>";
		};
		7DC7607728E943BC00D4D2A6 /* Components */ = {
			isa = PBXGroup;
			children = (
				7DC7608828E9B6F600D4D2A6 /* RecipeCard.swift */,
				7DC7608A28E9C00D00D4D2A6 /* RecipeList.swift */,
			);
			path = Components;
			sourceTree = "<group>";
		};
/* End PBXGroup section */

/* Begin PBXNativeTarget section */
		7D9870A828E94014007A7D4F /* RecipeApp */ = {
			isa = PBXNativeTarget;
			buildConfigurationList = 7D9870B728E94017007A7D4F /* Build configuration list for PBXNativeTarget "RecipeApp" */;
			buildPhases = (
				7D9870A528E94014007A7D4F /* Sources */,
				7D9870A628E94014007A7D4F /* Frameworks */,
				7D9870A728E94014007A7D4F /* Resources */,
			);
			buildRules = (
			);
			dependencies = (
			);
			name = RecipeApp;
			productName = RecipeApp;
			productReference = 7D9870A928E94014007A7D4F /* RecipeApp.app */;
			productType = "com.apple.product-type.application";
		};
/* End PBXNativeTarget section */

/* Begin PBXProject section */
		7D9870A128E94014007A7D4F /* Project object */ = {
			isa = PBXProject;
			attributes = {
				BuildIndependentTargetsInParallel = 1;
				LastSwiftUpdateCheck = 1330;
				LastUpgradeCheck = 1330;
				TargetAttributes = {
					7D9870A828E94014007A7D4F = {
						CreatedOnToolsVersion = 13.3.1;
					};
				};
			};
			buildConfigurationList = 7D9870A428E94014007A7D4F /* Build configuration list for PBXProject "RecipeApp" */;
			compatibilityVersion = "Xcode 13.0";
			developmentRegion = en;
			hasScannedForEncodings = 0;
			knownRegions = (
				en,
				Base,
			);
			mainGroup = 7D9870A028E94014007A7D4F;
			productRefGroup = 7D9870AA28E94014007A7D4F /* Products */;
			projectDirPath = "";
			projectRoot = "";
			targets = (
				7D9870A828E94014007A7D4F /* RecipeApp */,
			);
		};
/* End PBXProject section */

/* Begin PBXResourcesBuildPhase section */
		7D9870A728E94014007A7D4F /* Resources */ = {
			isa = PBXResourcesBuildPhase;
			buildActionMask = 2147483647;
			files = (
				7D9870B428E94017007A7D4F /* Preview Assets.xcassets in Resources */,
				7D9870B128E94017007A7D4F /* Assets.xcassets in Resources */,
			);
			runOnlyForDeploymentPostprocessing = 0;
		};
/* End PBXResourcesBuildPhase section */

/* Begin PBXSourcesBuildPhase section */
		7D9870A528E94014007A7D4F /* Sources */ = {
			isa = PBXSourcesBuildPhase;
			buildActionMask = 2147483647;
			files = (
				7D883A7228F6E0470080B678 /* AddRecipeView.swift in Sources */,
				7DC7608328E9445D00D4D2A6 /* SettingsView.swift in Sources */,
				7DC7608928E9B6F600D4D2A6 /* RecipeCard.swift in Sources */,
				7DC7607D28E9443300D4D2A6 /* CategoriesView.swift in Sources */,
				7DC7607F28E9444B00D4D2A6 /* NewRecipeView.swift in Sources */,
				7D24176028E9ECFE009B67AD /* RecipeDetail.swift in Sources */,
				7D24176228EA063E009B67AD /* CategoryView.swift in Sources */,
				7DC7608528E9469800D4D2A6 /* TabBar.swift in Sources */,
				7DC7608128E9445600D4D2A6 /* FavoritesView.swift in Sources */,
				7DC7608B28E9C00D00D4D2A6 /* RecipeList.swift in Sources */,
				7DC7607B28E9441B00D4D2A6 /* HomeView.swift in Sources */,
				7DC7608728E98CFD00D4D2A6 /* Recipe.swift in Sources */,
				7D9870AF28E94014007A7D4F /* ContentView.swift in Sources */,
				7D883A7428F721620080B678 /* RecipeViewModel.swift in Sources */,
				7D9870AD28E94014007A7D4F /* RecipeAppApp.swift in Sources */,
			);
			runOnlyForDeploymentPostprocessing = 0;
		};
/* End PBXSourcesBuildPhase section */

/* Begin XCBuildConfiguration section */
		7D9870B528E94017007A7D4F /* Debug */ = {
			isa = XCBuildConfiguration;
			buildSettings = {
				ALWAYS_SEARCH_USER_PATHS = NO;
				CLANG_ANALYZER_NONNULL = YES;
				CLANG_ANALYZER_NUMBER_OBJECT_CONVERSION = YES_AGGRESSIVE;
				CLANG_CXX_LANGUAGE_STANDARD = "gnu++17";
				CLANG_ENABLE_MODULES = YES;
				CLANG_ENABLE_OBJC_ARC = YES;
				CLANG_ENABLE_OBJC_WEAK = YES;
				CLANG_WARN_BLOCK_CAPTURE_AUTORELEASING = YES;
				CLANG_WARN_BOOL_CONVERSION = YES;
				CLANG_WARN_COMMA = YES;
				CLANG_WARN_CONSTANT_CONVERSION = YES;
				CLANG_WARN_DEPRECATED_OBJC_IMPLEMENTATIONS = YES;
				CLANG_WARN_DIRECT_OBJC_ISA_USAGE = YES_ERROR;
				CLANG_WARN_DOCUMENTATION_COMMENTS = YES;
				CLANG_WARN_EMPTY_BODY = YES;
				CLANG_WARN_ENUM_CONVERSION = YES;
				CLANG_WARN_INFINITE_RECURSION = YES;
				CLANG_WARN_INT_CONVERSION = YES;
				CLANG_WARN_NON_LITERAL_NULL_CONVERSION = YES;
				CLANG_WARN_OBJC_IMPLICIT_RETAIN_SELF = YES;
				CLANG_WARN_OBJC_LITERAL_CONVERSION = YES;
				CLANG_WARN_OBJC_ROOT_CLASS = YES_ERROR;
				CLANG_WARN_QUOTED_INCLUDE_IN_FRAMEWORK_HEADER = YES;
				CLANG_WARN_RANGE_LOOP_ANALYSIS = YES;
				CLANG_WARN_STRICT_PROTOTYPES = YES;
				CLANG_WARN_SUSPICIOUS_MOVE = YES;
				CLANG_WARN_UNGUARDED_AVAILABILITY = YES_AGGRESSIVE;
				CLANG_WARN_UNREACHABLE_CODE = YES;
				CLANG_WARN__DUPLICATE_METHOD_MATCH = YES;
				COPY_PHASE_STRIP = NO;
				DEBUG_INFORMATION_FORMAT = dwarf;
				ENABLE_STRICT_OBJC_MSGSEND = YES;
				ENABLE_TESTABILITY = YES;
				GCC_C_LANGUAGE_STANDARD = gnu11;
				GCC_DYNAMIC_NO_PIC = NO;
				GCC_NO_COMMON_BLOCKS = YES;
				GCC_OPTIMIZATION_LEVEL = 0;
				GCC_PREPROCESSOR_DEFINITIONS = (
					"DEBUG=1",
					"$(inherited)",
				);
				GCC_WARN_64_TO_32_BIT_CONVERSION = YES;
				GCC_WARN_ABOUT_RETURN_TYPE = YES_ERROR;
				GCC_WARN_UNDECLARED_SELECTOR = YES;
				GCC_WARN_UNINITIALIZED_AUTOS = YES_AGGRESSIVE;
				GCC_WARN_UNUSED_FUNCTION = YES;
				GCC_WARN_UNUSED_VARIABLE = YES;
				IPHONEOS_DEPLOYMENT_TARGET = 15.4;
				MTL_ENABLE_DEBUG_INFO = INCLUDE_SOURCE;
				MTL_FAST_MATH = YES;
				ONLY_ACTIVE_ARCH = YES;
				SDKROOT = iphoneos;
				SWIFT_ACTIVE_COMPILATION_CONDITIONS = DEBUG;
				SWIFT_OPTIMIZATION_LEVEL = "-Onone";
			};
			name = Debug;
		};
		7D9870B628E94017007A7D4F /* Release */ = {
			isa = XCBuildConfiguration;
			buildSettings = {
				ALWAYS_SEARCH_USER_PATHS = NO;
				CLANG_ANALYZER_NONNULL = YES;
				CLANG_ANALYZER_NUMBER_OBJECT_CONVERSION = YES_AGGRESSIVE;
				CLANG_CXX_LANGUAGE_STANDARD = "gnu++17";
				CLANG_ENABLE_MODULES = YES;
				CLANG_ENABLE_OBJC_ARC = YES;
				CLANG_ENABLE_OBJC_WEAK = YES;
				CLANG_WARN_BLOCK_CAPTURE_AUTORELEASING = YES;
				CLANG_WARN_BOOL_CONVERSION = YES;
				CLANG_WARN_COMMA = YES;
				CLANG_WARN_CONSTANT_CONVERSION = YES;
				CLANG_WARN_DEPRECATED_OBJC_IMPLEMENTATIONS = YES;
				CLANG_WARN_DIRECT_OBJC_ISA_USAGE = YES_ERROR;
				CLANG_WARN_DOCUMENTATION_COMMENTS = YES;
				CLANG_WARN_EMPTY_BODY = YES;
				CLANG_WARN_ENUM_CONVERSION = YES;
				CLANG_WARN_INFINITE_RECURSION = YES;
				CLANG_WARN_INT_CONVERSION = YES;
				CLANG_WARN_NON_LITERAL_NULL_CONVERSION = YES;
				CLANG_WARN_OBJC_IMPLICIT_RETAIN_SELF = YES;
				CLANG_WARN_OBJC_LITERAL_CONVERSION = YES;
				CLANG_WARN_OBJC_ROOT_CLASS = YES_ERROR;
				CLANG_WARN_QUOTED_INCLUDE_IN_FRAMEWORK_HEADER = YES;
				CLANG_WARN_RANGE_LOOP_ANALYSIS = YES;
				CLANG_WARN_STRICT_PROTOTYPES = YES;
				CLANG_WARN_SUSPICIOUS_MOVE = YES;
				CLANG_WARN_UNGUARDED_AVAILABILITY = YES_AGGRESSIVE;
				CLANG_WARN_UNREACHABLE_CODE = YES;
				CLANG_WARN__DUPLICATE_METHOD_MATCH = YES;
				COPY_PHASE_STRIP = NO;
				DEBUG_INFORMATION_FORMAT = "dwarf-with-dsym";
				ENABLE_NS_ASSERTIONS = NO;
				ENABLE_STRICT_OBJC_MSGSEND = YES;
				GCC_C_LANGUAGE_STANDARD = gnu11;
				GCC_NO_COMMON_BLOCKS = YES;
				GCC_WARN_64_TO_32_BIT_CONVERSION = YES;
				GCC_WARN_ABOUT_RETURN_TYPE = YES_ERROR;
				GCC_WARN_UNDECLARED_SELECTOR = YES;
				GCC_WARN_UNINITIALIZED_AUTOS = YES_AGGRESSIVE;
				GCC_WARN_UNUSED_FUNCTION = YES;
				GCC_WARN_UNUSED_VARIABLE = YES;
				IPHONEOS_DEPLOYMENT_TARGET = 15.4;
				MTL_ENABLE_DEBUG_INFO = NO;
				MTL_FAST_MATH = YES;
				SDKROOT = iphoneos;
				SWIFT_COMPILATION_MODE = wholemodule;
				SWIFT_OPTIMIZATION_LEVEL = "-O";
				VALIDATE_PRODUCT = YES;
			};
			name = Release;
		};
		7D9870B828E94017007A7D4F /* Debug */ = {
			isa = XCBuildConfiguration;
			buildSettings = {
				ASSETCATALOG_COMPILER_APPICON_NAME = AppIcon;
				ASSETCATALOG_COMPILER_GLOBAL_ACCENT_COLOR_NAME = AccentColor;
				CODE_SIGN_STYLE = Automatic;
				CURRENT_PROJECT_VERSION = 1;
				DEVELOPMENT_ASSET_PATHS = "\"RecipeApp/Preview Content\"";
				DEVELOPMENT_TEAM = 9W9WTJ3P25;
				ENABLE_PREVIEWS = YES;
				GENERATE_INFOPLIST_FILE = YES;
				INFOPLIST_KEY_UIApplicationSceneManifest_Generation = YES;
				INFOPLIST_KEY_UIApplicationSupportsIndirectInputEvents = YES;
				INFOPLIST_KEY_UILaunchScreen_Generation = YES;
				INFOPLIST_KEY_UISupportedInterfaceOrientations_iPad = "UIInterfaceOrientationPortrait UIInterfaceOrientationPortraitUpsideDown UIInterfaceOrientationLandscapeLeft UIInterfaceOrientationLandscapeRight";
				INFOPLIST_KEY_UISupportedInterfaceOrientations_iPhone = "UIInterfaceOrientationPortrait UIInterfaceOrientationLandscapeLeft UIInterfaceOrientationLandscapeRight";
				LD_RUNPATH_SEARCH_PATHS = (
					"$(inherited)",
					"@executable_path/Frameworks",
				);
				MARKETING_VERSION = 1.0;
				PRODUCT_BUNDLE_IDENTIFIER = com.test.app123.RecipeApp;
				PRODUCT_NAME = "$(TARGET_NAME)";
				SWIFT_EMIT_LOC_STRINGS = YES;
				SWIFT_VERSION = 5.0;
				TARGETED_DEVICE_FAMILY = "1,2";
			};
			name = Debug;
		};
		7D9870B928E94017007A7D4F /* Release */ = {
			isa = XCBuildConfiguration;
			buildSettings = {
				ASSETCATALOG_COMPILER_APPICON_NAME = AppIcon;
				ASSETCATALOG_COMPILER_GLOBAL_ACCENT_COLOR_NAME = AccentColor;
				CODE_SIGN_STYLE = Automatic;
				CURRENT_PROJECT_VERSION = 1;
				DEVELOPMENT_ASSET_PATHS = "\"RecipeApp/Preview Content\"";
				DEVELOPMENT_TEAM = 9W9WTJ3P25;
				ENABLE_PREVIEWS = YES;
				GENERATE_INFOPLIST_FILE = YES;
				INFOPLIST_KEY_UIApplicationSceneManifest_Generation = YES;
				INFOPLIST_KEY_UIApplicationSupportsIndirectInputEvents = YES;
				INFOPLIST_KEY_UILaunchScreen_Generation = YES;
				INFOPLIST_KEY_UISupportedInterfaceOrientations_iPad = "UIInterfaceOrientationPortrait UIInterfaceOrientationPortraitUpsideDown UIInterfaceOrientationLandscapeLeft UIInterfaceOrientationLandscapeRight";
				INFOPLIST_KEY_UISupportedInterfaceOrientations_iPhone = "UIInterfaceOrientationPortrait UIInterfaceOrientationLandscapeLeft UIInterfaceOrientationLandscapeRight";
				LD_RUNPATH_SEARCH_PATHS = (
					"$(inherited)",
					"@executable_path/Frameworks",
				);
				MARKETING_VERSION = 1.0;
				PRODUCT_BUNDLE_IDENTIFIER = com.test.app123.RecipeApp;
				PRODUCT_NAME = "$(TARGET_NAME)";
				SWIFT_EMIT_LOC_STRINGS = YES;
				SWIFT_VERSION = 5.0;
				TARGETED_DEVICE_FAMILY = "1,2";
			};
			name = Release;
		};
/* End XCBuildConfiguration section */

/* Begin XCConfigurationList section */
		7D9870A428E94014007A7D4F /* Build configuration list for PBXProject "RecipeApp" */ = {
			isa = XCConfigurationList;
			buildConfigurations = (
				7D9870B528E94017007A7D4F /* Debug */,
				7D9870B628E94017007A7D4F /* Release */,
			);
			defaultConfigurationIsVisible = 0;
			defaultConfigurationName = Release;
		};
		7D9870B728E94017007A7D4F /* Build configuration list for PBXNativeTarget "RecipeApp" */ = {
			isa = XCConfigurationList;
			buildConfigurations = (
				7D9870B828E94017007A7D4F /* Debug */,
				7D9870B928E94017007A7D4F /* Release */,
			);
			defaultConfigurationIsVisible = 0;
			defaultConfigurationName = Release;
		};
/* End XCConfigurationList section */
	};
	rootObject = 7D9870A128E94014007A7D4F /* Project object */;
}
